// !$*UTF8*$!
{
	archiveVersion = 1;
	classes = {
	};
	objectVersion = 46;
	objects = {

/* Begin PBXBuildFile section */
		215A129B1C7E009300370216 /* AppDelegate.swift in Sources */ = {isa = PBXBuildFile; fileRef = 215A129A1C7E009300370216 /* AppDelegate.swift */; };
		215A129D1C7E009300370216 /* ViewController.swift in Sources */ = {isa = PBXBuildFile; fileRef = 215A129C1C7E009300370216 /* ViewController.swift */; };
		215A12A01C7E009300370216 /* Main.storyboard in Resources */ = {isa = PBXBuildFile; fileRef = 215A129E1C7E009300370216 /* Main.storyboard */; };
		215A12A21C7E009400370216 /* Assets.xcassets in Resources */ = {isa = PBXBuildFile; fileRef = 215A12A11C7E009400370216 /* Assets.xcassets */; };
		215A12AD1C7E009400370216 /* zenwardTests.swift in Sources */ = {isa = PBXBuildFile; fileRef = 215A12AC1C7E009400370216 /* zenwardTests.swift */; };
		215A12B81C7E009400370216 /* zenwardUITests.swift in Sources */ = {isa = PBXBuildFile; fileRef = 215A12B71C7E009400370216 /* zenwardUITests.swift */; };
/* End PBXBuildFile section */

/* Begin PBXContainerItemProxy section */
		215A12A91C7E009400370216 /* PBXContainerItemProxy */ = {
			isa = PBXContainerItemProxy;
			containerPortal = 215A128F1C7E009300370216 /* Project object */;
			proxyType = 1;
			remoteGlobalIDString = 215A12961C7E009300370216;
			remoteInfo = zenward;
		};
		215A12B41C7E009400370216 /* PBXContainerItemProxy */ = {
			isa = PBXContainerItemProxy;
			containerPortal = 215A128F1C7E009300370216 /* Project object */;
			proxyType = 1;
			remoteGlobalIDString = 215A12961C7E009300370216;
			remoteInfo = zenward;
		};
/* End PBXContainerItemProxy section */

/* Begin PBXFileReference section */
		215A12971C7E009300370216 /* zenward.app */ = {isa = PBXFileReference; explicitFileType = wrapper.application; includeInIndex = 0; path = zenward.app; sourceTree = BUILT_PRODUCTS_DIR; };
		215A129A1C7E009300370216 /* AppDelegate.swift */ = {isa = PBXFileReference; lastKnownFileType = sourcecode.swift; path = AppDelegate.swift; sourceTree = "<group>"; };
		215A129C1C7E009300370216 /* ViewController.swift */ = {isa = PBXFileReference; lastKnownFileType = sourcecode.swift; path = ViewController.swift; sourceTree = "<group>"; };
		215A129F1C7E009300370216 /* Base */ = {isa = PBXFileReference; lastKnownFileType = file.storyboard; name = Base; path = Base.lproj/Main.storyboard; sourceTree = "<group>"; };
		215A12A11C7E009400370216 /* Assets.xcassets */ = {isa = PBXFileReference; lastKnownFileType = folder.assetcatalog; path = Assets.xcassets; sourceTree = "<group>"; };
		215A12A31C7E009400370216 /* Info.plist */ = {isa = PBXFileReference; lastKnownFileType = text.plist.xml; path = Info.plist; sourceTree = "<group>"; };
		215A12A81C7E009400370216 /* zenwardTests.xctest */ = {isa = PBXFileReference; explicitFileType = wrapper.cfbundle; includeInIndex = 0; path = zenwardTests.xctest; sourceTree = BUILT_PRODUCTS_DIR; };
		215A12AC1C7E009400370216 /* zenwardTests.swift */ = {isa = PBXFileReference; lastKnownFileType = sourcecode.swift; path = zenwardTests.swift; sourceTree = "<group>"; };
		215A12AE1C7E009400370216 /* Info.plist */ = {isa = PBXFileReference; lastKnownFileType = text.plist.xml; path = Info.plist; sourceTree = "<group>"; };
		215A12B31C7E009400370216 /* zenwardUITests.xctest */ = {isa = PBXFileReference; explicitFileType = wrapper.cfbundle; includeInIndex = 0; path = zenwardUITests.xctest; sourceTree = BUILT_PRODUCTS_DIR; };
		215A12B71C7E009400370216 /* zenwardUITests.swift */ = {isa = PBXFileReference; lastKnownFileType = sourcecode.swift; path = zenwardUITests.swift; sourceTree = "<group>"; };
		215A12B91C7E009400370216 /* Info.plist */ = {isa = PBXFileReference; lastKnownFileType = text.plist.xml; path = Info.plist; sourceTree = "<group>"; };
/* End PBXFileReference section */

/* Begin PBXFrameworksBuildPhase section */
		215A12941C7E009300370216 /* Frameworks */ = {
			isa = PBXFrameworksBuildPhase;
			buildActionMask = 2147483647;
			files = (
			);
			runOnlyForDeploymentPostprocessing = 0;
		};
		215A12A51C7E009400370216 /* Frameworks */ = {
			isa = PBXFrameworksBuildPhase;
			buildActionMask = 2147483647;
			files = (
			);
			runOnlyForDeploymentPostprocessing = 0;
		};
		215A12B01C7E009400370216 /* Frameworks */ = {
			isa = PBXFrameworksBuildPhase;
			buildActionMask = 2147483647;
			files = (
			);
			runOnlyForDeploymentPostprocessing = 0;
		};
/* End PBXFrameworksBuildPhase section */

/* Begin PBXGroup section */
		215A128E1C7E009300370216 = {
			isa = PBXGroup;
			children = (
				215A12991C7E009300370216 /* zenward */,
				215A12AB1C7E009400370216 /* zenwardTests */,
				215A12B61C7E009400370216 /* zenwardUITests */,
				215A12981C7E009300370216 /* Products */,
			);
			sourceTree = "<group>";
		};
		215A12981C7E009300370216 /* Products */ = {
			isa = PBXGroup;
			children = (
				215A12971C7E009300370216 /* zenward.app */,
				215A12A81C7E009400370216 /* zenwardTests.xctest */,
				215A12B31C7E009400370216 /* zenwardUITests.xctest */,
			);
			name = Products;
			sourceTree = "<group>";
		};
		215A12991C7E009300370216 /* zenward */ = {
			isa = PBXGroup;
			children = (
				215A129A1C7E009300370216 /* AppDelegate.swift */,
				215A129C1C7E009300370216 /* ViewController.swift */,
				215A129E1C7E009300370216 /* Main.storyboard */,
				215A12A11C7E009400370216 /* Assets.xcassets */,
				215A12A31C7E009400370216 /* Info.plist */,
			);
			path = zenward;
			sourceTree = "<group>";
		};
		215A12AB1C7E009400370216 /* zenwardTests */ = {
			isa = PBXGroup;
			children = (
				215A12AC1C7E009400370216 /* zenwardTests.swift */,
				215A12AE1C7E009400370216 /* Info.plist */,
			);
			path = zenwardTests;
			sourceTree = "<group>";
		};
		215A12B61C7E009400370216 /* zenwardUITests */ = {
			isa = PBXGroup;
			children = (
				215A12B71C7E009400370216 /* zenwardUITests.swift */,
				215A12B91C7E009400370216 /* Info.plist */,
			);
			path = zenwardUITests;
			sourceTree = "<group>";
		};
/* End PBXGroup section */

/* Begin PBXNativeTarget section */
		215A12961C7E009300370216 /* zenward */ = {
			isa = PBXNativeTarget;
			buildConfigurationList = 215A12BC1C7E009400370216 /* Build configuration list for PBXNativeTarget "zenward" */;
			buildPhases = (
				215A12931C7E009300370216 /* Sources */,
				215A12941C7E009300370216 /* Frameworks */,
				215A12951C7E009300370216 /* Resources */,
			);
			buildRules = (
			);
			dependencies = (
			);
			name = zenward;
			productName = zenward;
			productReference = 215A12971C7E009300370216 /* zenward.app */;
			productType = "com.apple.product-type.application";
		};
		215A12A71C7E009400370216 /* zenwardTests */ = {
			isa = PBXNativeTarget;
			buildConfigurationList = 215A12BF1C7E009400370216 /* Build configuration list for PBXNativeTarget "zenwardTests" */;
			buildPhases = (
				215A12A41C7E009400370216 /* Sources */,
				215A12A51C7E009400370216 /* Frameworks */,
				215A12A61C7E009400370216 /* Resources */,
			);
			buildRules = (
			);
			dependencies = (
				215A12AA1C7E009400370216 /* PBXTargetDependency */,
			);
			name = zenwardTests;
			productName = zenwardTests;
			productReference = 215A12A81C7E009400370216 /* zenwardTests.xctest */;
			productType = "com.apple.product-type.bundle.unit-test";
		};
		215A12B21C7E009400370216 /* zenwardUITests */ = {
			isa = PBXNativeTarget;
			buildConfigurationList = 215A12C21C7E009400370216 /* Build configuration list for PBXNativeTarget "zenwardUITests" */;
			buildPhases = (
				215A12AF1C7E009400370216 /* Sources */,
				215A12B01C7E009400370216 /* Frameworks */,
				215A12B11C7E009400370216 /* Resources */,
			);
			buildRules = (
			);
			dependencies = (
				215A12B51C7E009400370216 /* PBXTargetDependency */,
			);
			name = zenwardUITests;
			productName = zenwardUITests;
			productReference = 215A12B31C7E009400370216 /* zenwardUITests.xctest */;
			productType = "com.apple.product-type.bundle.ui-testing";
		};
/* End PBXNativeTarget section */

/* Begin PBXProject section */
		215A128F1C7E009300370216 /* Project object */ = {
			isa = PBXProject;
			attributes = {
				LastSwiftUpdateCheck = 0720;
				LastUpgradeCheck = 0720;
				ORGANIZATIONNAME = "Shiuh Yaw Phang";
				TargetAttributes = {
					215A12961C7E009300370216 = {
						CreatedOnToolsVersion = 7.2.1;
					};
					215A12A71C7E009400370216 = {
						CreatedOnToolsVersion = 7.2.1;
						TestTargetID = 215A12961C7E009300370216;
					};
					215A12B21C7E009400370216 = {
						CreatedOnToolsVersion = 7.2.1;
						TestTargetID = 215A12961C7E009300370216;
					};
				};
			};
			buildConfigurationList = 215A12921C7E009300370216 /* Build configuration list for PBXProject "zenward" */;
			compatibilityVersion = "Xcode 3.2";
			developmentRegion = English;
			hasScannedForEncodings = 0;
			knownRegions = (
				en,
				Base,
			);
			mainGroup = 215A128E1C7E009300370216;
			productRefGroup = 215A12981C7E009300370216 /* Products */;
			projectDirPath = "";
			projectRoot = "";
			targets = (
				215A12961C7E009300370216 /* zenward */,
				215A12A71C7E009400370216 /* zenwardTests */,
				215A12B21C7E009400370216 /* zenwardUITests */,
			);
		};
/* End PBXProject section */

/* Begin PBXResourcesBuildPhase section */
		215A12951C7E009300370216 /* Resources */ = {
			isa = PBXResourcesBuildPhase;
			buildActionMask = 2147483647;
			files = (
				215A12A21C7E009400370216 /* Assets.xcassets in Resources */,
				215A12A01C7E009300370216 /* Main.storyboard in Resources */,
			);
			runOnlyForDeploymentPostprocessing = 0;
		};
		215A12A61C7E009400370216 /* Resources */ = {
			isa = PBXResourcesBuildPhase;
			buildActionMask = 2147483647;
			files = (
			);
			runOnlyForDeploymentPostprocessing = 0;
		};
		215A12B11C7E009400370216 /* Resources */ = {
			isa = PBXResourcesBuildPhase;
			buildActionMask = 2147483647;
			files = (
			);
			runOnlyForDeploymentPostprocessing = 0;
		};
/* End PBXResourcesBuildPhase section */

/* Begin PBXSourcesBuildPhase section */
		215A12931C7E009300370216 /* Sources */ = {
			isa = PBXSourcesBuildPhase;
			buildActionMask = 2147483647;
			files = (
				215A129D1C7E009300370216 /* ViewController.swift in Sources */,
				215A129B1C7E009300370216 /* AppDelegate.swift in Sources */,
			);
			runOnlyForDeploymentPostprocessing = 0;
		};
		215A12A41C7E009400370216 /* Sources */ = {
			isa = PBXSourcesBuildPhase;
			buildActionMask = 2147483647;
			files = (
				215A12AD1C7E009400370216 /* zenwardTests.swift in Sources */,
			);
			runOnlyForDeploymentPostprocessing = 0;
		};
		215A12AF1C7E009400370216 /* Sources */ = {
			isa = PBXSourcesBuildPhase;
			buildActionMask = 2147483647;
			files = (
				215A12B81C7E009400370216 /* zenwardUITests.swift in Sources */,
			);
			runOnlyForDeploymentPostprocessing = 0;
		};
/* End PBXSourcesBuildPhase section */

/* Begin PBXTargetDependency section */
		215A12AA1C7E009400370216 /* PBXTargetDependency */ = {
			isa = PBXTargetDependency;
			target = 215A12961C7E009300370216 /* zenward */;
			targetProxy = 215A12A91C7E009400370216 /* PBXContainerItemProxy */;
		};
		215A12B51C7E009400370216 /* PBXTargetDependency */ = {
			isa = PBXTargetDependency;
			target = 215A12961C7E009300370216 /* zenward */;
			targetProxy = 215A12B41C7E009400370216 /* PBXContainerItemProxy */;
		};
/* End PBXTargetDependency section */

/* Begin PBXVariantGroup section */
		215A129E1C7E009300370216 /* Main.storyboard */ = {
			isa = PBXVariantGroup;
			children = (
				215A129F1C7E009300370216 /* Base */,
			);
			name = Main.storyboard;
			sourceTree = "<group>";
		};
/* End PBXVariantGroup section */

/* Begin XCBuildConfiguration section */
		215A12BA1C7E009400370216 /* Debug */ = {
			isa = XCBuildConfiguration;
			buildSettings = {
				ALWAYS_SEARCH_USER_PATHS = NO;
				CLANG_CXX_LANGUAGE_STANDARD = "gnu++0x";
				CLANG_CXX_LIBRARY = "libc++";
				CLANG_ENABLE_MODULES = YES;
				CLANG_ENABLE_OBJC_ARC = YES;
				CLANG_WARN_BOOL_CONVERSION = YES;
				CLANG_WARN_CONSTANT_CONVERSION = YES;
				CLANG_WARN_DIRECT_OBJC_ISA_USAGE = YES_ERROR;
				CLANG_WARN_EMPTY_BODY = YES;
				CLANG_WARN_ENUM_CONVERSION = YES;
				CLANG_WARN_INT_CONVERSION = YES;
				CLANG_WARN_OBJC_ROOT_CLASS = YES_ERROR;
				CLANG_WARN_UNREACHABLE_CODE = YES;
				CLANG_WARN__DUPLICATE_METHOD_MATCH = YES;
				COPY_PHASE_STRIP = NO;
				DEBUG_INFORMATION_FORMAT = dwarf;
				ENABLE_STRICT_OBJC_MSGSEND = YES;
				ENABLE_TESTABILITY = YES;
				GCC_C_LANGUAGE_STANDARD = gnu99;
				GCC_DYNAMIC_NO_PIC = NO;
				GCC_NO_COMMON_BLOCKS = YES;
				GCC_OPTIMIZATION_LEVEL = 0;
				GCC_PREPROCESSOR_DEFINITIONS = (
					"DEBUG=1",
					"$(inherited)",
				);
				GCC_WARN_64_TO_32_BIT_CONVERSION = YES;
				GCC_WARN_ABOUT_RETURN_TYPE = YES_ERROR;
				GCC_WARN_UNDECLARED_SELECTOR = YES;
				GCC_WARN_UNINITIALIZED_AUTOS = YES_AGGRESSIVE;
				GCC_WARN_UNUSED_FUNCTION = YES;
				GCC_WARN_UNUSED_VARIABLE = YES;
				MTL_ENABLE_DEBUG_INFO = YES;
				NAME_SUFFIX = "- Production";
				ONLY_ACTIVE_ARCH = YES;
				PRODUCT_BUNDLE_IDENTIFIER = com.mindvalley.elula.appletv.zenward;
				SDKROOT = appletvos;
				SWIFT_OPTIMIZATION_LEVEL = "-Onone";
				TARGETED_DEVICE_FAMILY = 3;
				TVOS_DEPLOYMENT_TARGET = 9.1;
			};
			name = Debug;
		};
		215A12BB1C7E009400370216 /* Release */ = {
			isa = XCBuildConfiguration;
			buildSettings = {
				ALWAYS_SEARCH_USER_PATHS = NO;
				CLANG_CXX_LANGUAGE_STANDARD = "gnu++0x";
				CLANG_CXX_LIBRARY = "libc++";
				CLANG_ENABLE_MODULES = YES;
				CLANG_ENABLE_OBJC_ARC = YES;
				CLANG_WARN_BOOL_CONVERSION = YES;
				CLANG_WARN_CONSTANT_CONVERSION = YES;
				CLANG_WARN_DIRECT_OBJC_ISA_USAGE = YES_ERROR;
				CLANG_WARN_EMPTY_BODY = YES;
				CLANG_WARN_ENUM_CONVERSION = YES;
				CLANG_WARN_INT_CONVERSION = YES;
				CLANG_WARN_OBJC_ROOT_CLASS = YES_ERROR;
				CLANG_WARN_UNREACHABLE_CODE = YES;
				CLANG_WARN__DUPLICATE_METHOD_MATCH = YES;
				COPY_PHASE_STRIP = NO;
				DEBUG_INFORMATION_FORMAT = "dwarf-with-dsym";
				ENABLE_NS_ASSERTIONS = NO;
				ENABLE_STRICT_OBJC_MSGSEND = YES;
				GCC_C_LANGUAGE_STANDARD = gnu99;
				GCC_NO_COMMON_BLOCKS = YES;
				GCC_WARN_64_TO_32_BIT_CONVERSION = YES;
				GCC_WARN_ABOUT_RETURN_TYPE = YES_ERROR;
				GCC_WARN_UNDECLARED_SELECTOR = YES;
				GCC_WARN_UNINITIALIZED_AUTOS = YES_AGGRESSIVE;
				GCC_WARN_UNUSED_FUNCTION = YES;
				GCC_WARN_UNUSED_VARIABLE = YES;
				MTL_ENABLE_DEBUG_INFO = NO;
				NAME_SUFFIX = "- Production";
				PRODUCT_BUNDLE_IDENTIFIER = com.mindvalley.elula.appletv.zenward;
				SDKROOT = appletvos;
				TARGETED_DEVICE_FAMILY = 3;
				TVOS_DEPLOYMENT_TARGET = 9.1;
				VALIDATE_PRODUCT = YES;
			};
			name = Release;
		};
		215A12BD1C7E009400370216 /* Debug */ = {
			isa = XCBuildConfiguration;
			buildSettings = {
				ASSETCATALOG_COMPILER_APPICON_NAME = "App Icon & Top Shelf Image";
				ASSETCATALOG_COMPILER_LAUNCHIMAGE_NAME = LaunchImage;
				INFOPLIST_FILE = zenward/Info.plist;
				LD_RUNPATH_SEARCH_PATHS = "$(inherited) @executable_path/Frameworks";
				PRODUCT_BUNDLE_IDENTIFIER = com.mindvalley.elula.appletv.zenward;
				PRODUCT_NAME = "$(TARGET_NAME)";
			};
			name = Debug;
		};
		215A12BE1C7E009400370216 /* Release */ = {
			isa = XCBuildConfiguration;
			buildSettings = {
				ASSETCATALOG_COMPILER_APPICON_NAME = "App Icon & Top Shelf Image";
				ASSETCATALOG_COMPILER_LAUNCHIMAGE_NAME = LaunchImage;
				INFOPLIST_FILE = zenward/Info.plist;
				LD_RUNPATH_SEARCH_PATHS = "$(inherited) @executable_path/Frameworks";
				PRODUCT_BUNDLE_IDENTIFIER = com.mindvalley.elula.appletv.zenward;
				PRODUCT_NAME = "$(TARGET_NAME)";
			};
			name = Release;
		};
		215A12C01C7E009400370216 /* Debug */ = {
			isa = XCBuildConfiguration;
			buildSettings = {
				BUNDLE_LOADER = "$(TEST_HOST)";
				INFOPLIST_FILE = zenwardTests/Info.plist;
				LD_RUNPATH_SEARCH_PATHS = "$(inherited) @executable_path/Frameworks @loader_path/Frameworks";
				PRODUCT_BUNDLE_IDENTIFIER = com.mindvalley.elula.appletv.zenwardTests;
				PRODUCT_NAME = "$(TARGET_NAME)";
				TEST_HOST = "$(BUILT_PRODUCTS_DIR)/zenward.app/zenward";
			};
			name = Debug;
		};
		215A12C11C7E009400370216 /* Release */ = {
			isa = XCBuildConfiguration;
			buildSettings = {
				BUNDLE_LOADER = "$(TEST_HOST)";
				INFOPLIST_FILE = zenwardTests/Info.plist;
				LD_RUNPATH_SEARCH_PATHS = "$(inherited) @executable_path/Frameworks @loader_path/Frameworks";
				PRODUCT_BUNDLE_IDENTIFIER = com.mindvalley.elula.appletv.zenwardTests;
				PRODUCT_NAME = "$(TARGET_NAME)";
				TEST_HOST = "$(BUILT_PRODUCTS_DIR)/zenward.app/zenward";
			};
			name = Release;
		};
		215A12C31C7E009400370216 /* Debug */ = {
			isa = XCBuildConfiguration;
			buildSettings = {
				INFOPLIST_FILE = zenwardUITests/Info.plist;
				LD_RUNPATH_SEARCH_PATHS = "$(inherited) @executable_path/Frameworks @loader_path/Frameworks";
				PRODUCT_BUNDLE_IDENTIFIER = com.mindvalley.elula.appletv.zenwardUITests;
				PRODUCT_NAME = "$(TARGET_NAME)";
				TEST_TARGET_NAME = zenward;
				USES_XCTRUNNER = YES;
			};
			name = Debug;
		};
		215A12C41C7E009400370216 /* Release */ = {
			isa = XCBuildConfiguration;
			buildSettings = {
				INFOPLIST_FILE = zenwardUITests/Info.plist;
				LD_RUNPATH_SEARCH_PATHS = "$(inherited) @executable_path/Frameworks @loader_path/Frameworks";
				PRODUCT_BUNDLE_IDENTIFIER = com.mindvalley.elula.appletv.zenwardUITests;
				PRODUCT_NAME = "$(TARGET_NAME)";
				TEST_TARGET_NAME = zenward;
				USES_XCTRUNNER = YES;
			};
			name = Release;
		};
		215A12C51C7E01D900370216 /* Debug Staging */ = {
			isa = XCBuildConfiguration;
			buildSettings = {
				ALWAYS_SEARCH_USER_PATHS = NO;
				CLANG_CXX_LANGUAGE_STANDARD = "gnu++0x";
				CLANG_CXX_LIBRARY = "libc++";
				CLANG_ENABLE_MODULES = YES;
				CLANG_ENABLE_OBJC_ARC = YES;
				CLANG_WARN_BOOL_CONVERSION = YES;
				CLANG_WARN_CONSTANT_CONVERSION = YES;
				CLANG_WARN_DIRECT_OBJC_ISA_USAGE = YES_ERROR;
				CLANG_WARN_EMPTY_BODY = YES;
				CLANG_WARN_ENUM_CONVERSION = YES;
				CLANG_WARN_INT_CONVERSION = YES;
				CLANG_WARN_OBJC_ROOT_CLASS = YES_ERROR;
				CLANG_WARN_UNREACHABLE_CODE = YES;
				CLANG_WARN__DUPLICATE_METHOD_MATCH = YES;
				COPY_PHASE_STRIP = NO;
				DEBUG_INFORMATION_FORMAT = dwarf;
				ENABLE_STRICT_OBJC_MSGSEND = YES;
				ENABLE_TESTABILITY = YES;
				GCC_C_LANGUAGE_STANDARD = gnu99;
				GCC_DYNAMIC_NO_PIC = NO;
				GCC_NO_COMMON_BLOCKS = YES;
				GCC_OPTIMIZATION_LEVEL = 0;
				GCC_PREPROCESSOR_DEFINITIONS = (
					"STAGING=1",
					"DEBUG=1",
					"$(inherited)",
				);
				GCC_WARN_64_TO_32_BIT_CONVERSION = YES;
				GCC_WARN_ABOUT_RETURN_TYPE = YES_ERROR;
				GCC_WARN_UNDECLARED_SELECTOR = YES;
				GCC_WARN_UNINITIALIZED_AUTOS = YES_AGGRESSIVE;
				GCC_WARN_UNUSED_FUNCTION = YES;
				GCC_WARN_UNUSED_VARIABLE = YES;
				MTL_ENABLE_DEBUG_INFO = YES;
				NAME_SUFFIX = "- Staging";
				ONLY_ACTIVE_ARCH = YES;
				PRODUCT_BUNDLE_IDENTIFIER = com.mindvalley.elula.appletv.zenward.staging;
				SDKROOT = appletvos;
				SWIFT_OPTIMIZATION_LEVEL = "-Onone";
				TARGETED_DEVICE_FAMILY = 3;
				TVOS_DEPLOYMENT_TARGET = 9.1;
			};
			name = "Debug Staging";
		};
		215A12C61C7E01D900370216 /* Debug Staging */ = {
			isa = XCBuildConfiguration;
			buildSettings = {
				ASSETCATALOG_COMPILER_APPICON_NAME = "App Icon & Top Shelf Image";
				ASSETCATALOG_COMPILER_LAUNCHIMAGE_NAME = LaunchImage;
				INFOPLIST_FILE = zenward/Info.plist;
				LD_RUNPATH_SEARCH_PATHS = "$(inherited) @executable_path/Frameworks";
				PRODUCT_BUNDLE_IDENTIFIER = com.mindvalley.elula.appletv.zenward;
				PRODUCT_NAME = "$(TARGET_NAME)";
			};
			name = "Debug Staging";
		};
		215A12C71C7E01D900370216 /* Debug Staging */ = {
			isa = XCBuildConfiguration;
			buildSettings = {
				BUNDLE_LOADER = "$(TEST_HOST)";
				INFOPLIST_FILE = zenwardTests/Info.plist;
				LD_RUNPATH_SEARCH_PATHS = "$(inherited) @executable_path/Frameworks @loader_path/Frameworks";
				PRODUCT_BUNDLE_IDENTIFIER = com.mindvalley.elula.appletv.zenwardTests;
				PRODUCT_NAME = "$(TARGET_NAME)";
				TEST_HOST = "$(BUILT_PRODUCTS_DIR)/zenward.app/zenward";
			};
			name = "Debug Staging";
		};
		215A12C81C7E01D900370216 /* Debug Staging */ = {
			isa = XCBuildConfiguration;
			buildSettings = {
				INFOPLIST_FILE = zenwardUITests/Info.plist;
				LD_RUNPATH_SEARCH_PATHS = "$(inherited) @executable_path/Frameworks @loader_path/Frameworks";
				PRODUCT_BUNDLE_IDENTIFIER = com.mindvalley.elula.appletv.zenwardUITests;
				PRODUCT_NAME = "$(TARGET_NAME)";
				TEST_TARGET_NAME = zenward;
				USES_XCTRUNNER = YES;
			};
			name = "Debug Staging";
		};
		215A12C91C7E01EC00370216 /* Release Staging */ = {
			isa = XCBuildConfiguration;
			buildSettings = {
				ALWAYS_SEARCH_USER_PATHS = NO;
				CLANG_CXX_LANGUAGE_STANDARD = "gnu++0x";
				CLANG_CXX_LIBRARY = "libc++";
				CLANG_ENABLE_MODULES = YES;
				CLANG_ENABLE_OBJC_ARC = YES;
				CLANG_WARN_BOOL_CONVERSION = YES;
				CLANG_WARN_CONSTANT_CONVERSION = YES;
				CLANG_WARN_DIRECT_OBJC_ISA_USAGE = YES_ERROR;
				CLANG_WARN_EMPTY_BODY = YES;
				CLANG_WARN_ENUM_CONVERSION = YES;
				CLANG_WARN_INT_CONVERSION = YES;
				CLANG_WARN_OBJC_ROOT_CLASS = YES_ERROR;
				CLANG_WARN_UNREACHABLE_CODE = YES;
				CLANG_WARN__DUPLICATE_METHOD_MATCH = YES;
				COPY_PHASE_STRIP = NO;
				DEBUG_INFORMATION_FORMAT = "dwarf-with-dsym";
				ENABLE_NS_ASSERTIONS = NO;
				ENABLE_STRICT_OBJC_MSGSEND = YES;
				GCC_C_LANGUAGE_STANDARD = gnu99;
				GCC_NO_COMMON_BLOCKS = YES;
				GCC_PREPROCESSOR_DEFINITIONS = "STAGING=1";
				GCC_WARN_64_TO_32_BIT_CONVERSION = YES;
				GCC_WARN_ABOUT_RETURN_TYPE = YES_ERROR;
				GCC_WARN_UNDECLARED_SELECTOR = YES;
				GCC_WARN_UNINITIALIZED_AUTOS = YES_AGGRESSIVE;
				GCC_WARN_UNUSED_FUNCTION = YES;
				GCC_WARN_UNUSED_VARIABLE = YES;
				MTL_ENABLE_DEBUG_INFO = NO;
				NAME_SUFFIX = "- Staging";
				PRODUCT_BUNDLE_IDENTIFIER = com.mindvalley.elula.appletv.zenward.staging;
				SDKROOT = appletvos;
				TARGETED_DEVICE_FAMILY = 3;
				TVOS_DEPLOYMENT_TARGET = 9.1;
				VALIDATE_PRODUCT = YES;
			};
			name = "Release Staging";
		};
		215A12CA1C7E01EC00370216 /* Release Staging */ = {
			isa = XCBuildConfiguration;
			buildSettings = {
				ASSETCATALOG_COMPILER_APPICON_NAME = "App Icon & Top Shelf Image";
				ASSETCATALOG_COMPILER_LAUNCHIMAGE_NAME = LaunchImage;
				INFOPLIST_FILE = zenward/Info.plist;
				LD_RUNPATH_SEARCH_PATHS = "$(inherited) @executable_path/Frameworks";
				PRODUCT_BUNDLE_IDENTIFIER = com.mindvalley.elula.appletv.zenward;
				PRODUCT_NAME = "$(TARGET_NAME)";
			};
			name = "Release Staging";
		};
		215A12CB1C7E01EC00370216 /* Release Staging */ = {
			isa = XCBuildConfiguration;
			buildSettings = {
				BUNDLE_LOADER = "$(TEST_HOST)";
				INFOPLIST_FILE = zenwardTests/Info.plist;
				LD_RUNPATH_SEARCH_PATHS = "$(inherited) @executable_path/Frameworks @loader_path/Frameworks";
				PRODUCT_BUNDLE_IDENTIFIER = com.mindvalley.elula.appletv.zenwardTests;
				PRODUCT_NAME = "$(TARGET_NAME)";
				TEST_HOST = "$(BUILT_PRODUCTS_DIR)/zenward.app/zenward";
			};
			name = "Release Staging";
		};
		215A12CC1C7E01EC00370216 /* Release Staging */ = {
			isa = XCBuildConfiguration;
			buildSettings = {
				INFOPLIST_FILE = zenwardUITests/Info.plist;
				LD_RUNPATH_SEARCH_PATHS = "$(inherited) @executable_path/Frameworks @loader_path/Frameworks";
				PRODUCT_BUNDLE_IDENTIFIER = com.mindvalley.elula.appletv.zenwardUITests;
				PRODUCT_NAME = "$(TARGET_NAME)";
				TEST_TARGET_NAME = zenward;
				USES_XCTRUNNER = YES;
			};
			name = "Release Staging";
		};
		215A12CD1C7E01F400370216 /* AppStore */ = {
			isa = XCBuildConfiguration;
			buildSettings = {
				ALWAYS_SEARCH_USER_PATHS = NO;
				CLANG_CXX_LANGUAGE_STANDARD = "gnu++0x";
				CLANG_CXX_LIBRARY = "libc++";
				CLANG_ENABLE_MODULES = YES;
				CLANG_ENABLE_OBJC_ARC = YES;
				CLANG_WARN_BOOL_CONVERSION = YES;
				CLANG_WARN_CONSTANT_CONVERSION = YES;
				CLANG_WARN_DIRECT_OBJC_ISA_USAGE = YES_ERROR;
				CLANG_WARN_EMPTY_BODY = YES;
				CLANG_WARN_ENUM_CONVERSION = YES;
				CLANG_WARN_INT_CONVERSION = YES;
				CLANG_WARN_OBJC_ROOT_CLASS = YES_ERROR;
				CLANG_WARN_UNREACHABLE_CODE = YES;
				CLANG_WARN__DUPLICATE_METHOD_MATCH = YES;
				COPY_PHASE_STRIP = NO;
				DEBUG_INFORMATION_FORMAT = "dwarf-with-dsym";
				ENABLE_NS_ASSERTIONS = NO;
				ENABLE_STRICT_OBJC_MSGSEND = YES;
				GCC_C_LANGUAGE_STANDARD = gnu99;
				GCC_NO_COMMON_BLOCKS = YES;
				GCC_WARN_64_TO_32_BIT_CONVERSION = YES;
				GCC_WARN_ABOUT_RETURN_TYPE = YES_ERROR;
				GCC_WARN_UNDECLARED_SELECTOR = YES;
				GCC_WARN_UNINITIALIZED_AUTOS = YES_AGGRESSIVE;
				GCC_WARN_UNUSED_FUNCTION = YES;
				GCC_WARN_UNUSED_VARIABLE = YES;
				MTL_ENABLE_DEBUG_INFO = NO;
				NAME_SUFFIX = "";
				PRODUCT_BUNDLE_IDENTIFIER = com.mindvalley.elula.appletv.zenward;
				SDKROOT = appletvos;
				TARGETED_DEVICE_FAMILY = 3;
				TVOS_DEPLOYMENT_TARGET = 9.1;
				VALIDATE_PRODUCT = YES;
			};
			name = AppStore;
		};
		215A12CE1C7E01F400370216 /* AppStore */ = {
			isa = XCBuildConfiguration;
			buildSettings = {
				ASSETCATALOG_COMPILER_APPICON_NAME = "App Icon & Top Shelf Image";
				ASSETCATALOG_COMPILER_LAUNCHIMAGE_NAME = LaunchImage;
				INFOPLIST_FILE = zenward/Info.plist;
				LD_RUNPATH_SEARCH_PATHS = "$(inherited) @executable_path/Frameworks";
				PRODUCT_BUNDLE_IDENTIFIER = com.mindvalley.elula.appletv.zenward;
				PRODUCT_NAME = "$(TARGET_NAME)";
			};
			name = AppStore;
		};
		215A12CF1C7E01F400370216 /* AppStore */ = {
			isa = XCBuildConfiguration;
			buildSettings = {
				BUNDLE_LOADER = "$(TEST_HOST)";
				INFOPLIST_FILE = zenwardTests/Info.plist;
				LD_RUNPATH_SEARCH_PATHS = "$(inherited) @executable_path/Frameworks @loader_path/Frameworks";
				PRODUCT_BUNDLE_IDENTIFIER = com.mindvalley.elula.appletv.zenwardTests;
				PRODUCT_NAME = "$(TARGET_NAME)";
				TEST_HOST = "$(BUILT_PRODUCTS_DIR)/zenward.app/zenward";
			};
			name = AppStore;
		};
		215A12D01C7E01F400370216 /* AppStore */ = {
			isa = XCBuildConfiguration;
			buildSettings = {
				INFOPLIST_FILE = zenwardUITests/Info.plist;
				LD_RUNPATH_SEARCH_PATHS = "$(inherited) @executable_path/Frameworks @loader_path/Frameworks";
				PRODUCT_BUNDLE_IDENTIFIER = com.mindvalley.elula.appletv.zenwardUITests;
				PRODUCT_NAME = "$(TARGET_NAME)";
				TEST_TARGET_NAME = zenward;
				USES_XCTRUNNER = YES;
			};
			name = AppStore;
		};
/* End XCBuildConfiguration section */

/* Begin XCConfigurationList section */
		215A12921C7E009300370216 /* Build configuration list for PBXProject "zenward" */ = {
			isa = XCConfigurationList;
			buildConfigurations = (
				215A12BA1C7E009400370216 /* Debug */,
				215A12C51C7E01D900370216 /* Debug Staging */,
				215A12BB1C7E009400370216 /* Release */,
				215A12CD1C7E01F400370216 /* AppStore */,
				215A12C91C7E01EC00370216 /* Release Staging */,
			);
			defaultConfigurationIsVisible = 0;
			defaultConfigurationName = Release;
		};
		215A12BC1C7E009400370216 /* Build configuration list for PBXNativeTarget "zenward" */ = {
			isa = XCConfigurationList;
			buildConfigurations = (
				215A12BD1C7E009400370216 /* Debug */,
				215A12C61C7E01D900370216 /* Debug Staging */,
				215A12BE1C7E009400370216 /* Release */,
				215A12CE1C7E01F400370216 /* AppStore */,
				215A12CA1C7E01EC00370216 /* Release Staging */,
			);
			defaultConfigurationIsVisible = 0;
		};
		215A12BF1C7E009400370216 /* Build configuration list for PBXNativeTarget "zenwardTests" */ = {
			isa = XCConfigurationList;
			buildConfigurations = (
				215A12C01C7E009400370216 /* Debug */,
				215A12C71C7E01D900370216 /* Debug Staging */,
				215A12C11C7E009400370216 /* Release */,
				215A12CF1C7E01F400370216 /* AppStore */,
				215A12CB1C7E01EC00370216 /* Release Staging */,
			);
			defaultConfigurationIsVisible = 0;
		};
		215A12C21C7E009400370216 /* Build configuration list for PBXNativeTarget "zenwardUITests" */ = {
			isa = XCConfigurationList;
			buildConfigurations = (
				215A12C31C7E009400370216 /* Debug */,
				215A12C81C7E01D900370216 /* Debug Staging */,
				215A12C41C7E009400370216 /* Release */,
				215A12D01C7E01F400370216 /* AppStore */,
				215A12CC1C7E01EC00370216 /* Release Staging */,
			);
			defaultConfigurationIsVisible = 0;
		};
/* End XCConfigurationList section */
	};
	rootObject = 215A128F1C7E009300370216 /* Project object */;
}
